
Microsoft Visual Studio Solution File, Format Version 12.00
# Visual Studio Version 17
VisualStudioVersion = 17.8.34309.116
MinimumVisualStudioVersion = 10.0.40219.1
Project("{FAE04EC0-301F-11D3-BF4B-00C04F79EFBC}") = "KNN", "KNN\KNN.csproj", "{C56099CB-B147-43B1-8567-E37D7810CA65}"
EndProject
Global
	GlobalSection(SolutionConfigurationPlatforms) = preSolution
		Debug|Any CPU = Debug|Any CPU
		Release|Any CPU = Release|Any CPU
	EndGlobalSection
	GlobalSection(ProjectConfigurationPlatforms) = postSolution
		{C56099CB-B147-43B1-8567-E37D7810CA65}.Debug|Any CPU.ActiveCfg = Debug|Any CPU
		{C56099CB-B147-43B1-8567-E37D7810CA65}.Debug|Any CPU.Build.0 = Debug|Any CPU
		{C56099CB-B147-43B1-8567-E37D7810CA65}.Release|Any CPU.ActiveCfg = Release|Any CPU
		{C56099CB-B147-43B1-8567-E37D7810CA65}.Release|Any CPU.Build.0 = Release|Any CPU
	EndGlobalSection
	GlobalSection(SolutionProperties) = preSolution
		HideSolutionNode = FALSE
	EndGlobalSection
	GlobalSection(ExtensibilityGlobals) = postSolution
		SolutionGuid = {8A63E219-A59C-4882-BB74-F716C31E1E64}
	EndGlobalSection
EndGlobal
