
Microsoft Visual Studio Solution File, Format Version 12.00
# Visual Studio Version 16
VisualStudioVersion = 25.0.1706.9
MinimumVisualStudioVersion = 10.0.40219.1
Project("{FAE04EC0-301F-11D3-BF4B-00C04F79EFBC}") = "KNNImplementation", "KNNImplementation.csproj", "{3D422BA9-2F7A-4DCD-BEFE-5D8771184C10}"
EndProject
Global
	GlobalSection(SolutionConfigurationPlatforms) = preSolution
		Debug|Any CPU = Debug|Any CPU
		Release|Any CPU = Release|Any CPU
	EndGlobalSection
	GlobalSection(ProjectConfigurationPlatforms) = postSolution
		{3D422BA9-2F7A-4DCD-BEFE-5D8771184C10}.Debug|Any CPU.ActiveCfg = Debug|Any CPU
		{3D422BA9-2F7A-4DCD-BEFE-5D8771184C10}.Debug|Any CPU.Build.0 = Debug|Any CPU
		{3D422BA9-2F7A-4DCD-BEFE-5D8771184C10}.Release|Any CPU.ActiveCfg = Release|Any CPU
		{3D422BA9-2F7A-4DCD-BEFE-5D8771184C10}.Release|Any CPU.Build.0 = Release|Any CPU
	EndGlobalSection
	GlobalSection(SolutionProperties) = preSolution
		HideSolutionNode = FALSE
	EndGlobalSection
	GlobalSection(ExtensibilityGlobals) = postSolution
		SolutionGuid = {8371DF2C-2BBC-418C-8103-40AECB67149C}
	EndGlobalSection
EndGlobal
