
Microsoft Visual Studio Solution File, Format Version 12.00
# Visual Studio Version 16
VisualStudioVersion = 25.0.1706.7
MinimumVisualStudioVersion = 10.0.40219.1
Project("{FAE04EC0-301F-11D3-BF4B-00C04F79EFBC}") = "Demo-Test Run", "Demo-Test Run\Demo-Test Run.csproj", "{3D9EA9AD-90B5-4922-9490-88500FFB5A49}"
EndProject
Global
	GlobalSection(SolutionConfigurationPlatforms) = preSolution
		Debug|Any CPU = Debug|Any CPU
		Release|Any CPU = Release|Any CPU
	EndGlobalSection
	GlobalSection(ProjectConfigurationPlatforms) = postSolution
		{3D9EA9AD-90B5-4922-9490-88500FFB5A49}.Debug|Any CPU.ActiveCfg = Debug|Any CPU
		{3D9EA9AD-90B5-4922-9490-88500FFB5A49}.Debug|Any CPU.Build.0 = Debug|Any CPU
		{3D9EA9AD-90B5-4922-9490-88500FFB5A49}.Release|Any CPU.ActiveCfg = Release|Any CPU
		{3D9EA9AD-90B5-4922-9490-88500FFB5A49}.Release|Any CPU.Build.0 = Release|Any CPU
	EndGlobalSection
	GlobalSection(SolutionProperties) = preSolution
		HideSolutionNode = FALSE
	EndGlobalSection
	GlobalSection(ExtensibilityGlobals) = postSolution
		SolutionGuid = {D522E237-7067-41F7-B515-CF1F1E0439AD}
	EndGlobalSection
EndGlobal
